
Microsoft Visual Studio Solution File, Format Version 12.00
# Visual Studio Version 17
VisualStudioVersion = 17.10.35122.118
MinimumVisualStudioVersion = 10.0.40219.1
Project("{FAE04EC0-301F-11D3-BF4B-00C04F79EFBC}") = "14102024-asalsayıuygulama", "14102024-asalsayıuygulama.csproj", "{A36B9FDB-2883-4A91-BDA0-03EFF0F4856E}"
EndProject
Global
	GlobalSection(SolutionConfigurationPlatforms) = preSolution
		Debug|Any CPU = Debug|Any CPU
		Release|Any CPU = Release|Any CPU
	EndGlobalSection
	GlobalSection(ProjectConfigurationPlatforms) = postSolution
		{A36B9FDB-2883-4A91-BDA0-03EFF0F4856E}.Debug|Any CPU.ActiveCfg = Debug|Any CPU
		{A36B9FDB-2883-4A91-BDA0-03EFF0F4856E}.Debug|Any CPU.Build.0 = Debug|Any CPU
		{A36B9FDB-2883-4A91-BDA0-03EFF0F4856E}.Release|Any CPU.ActiveCfg = Release|Any CPU
		{A36B9FDB-2883-4A91-BDA0-03EFF0F4856E}.Release|Any CPU.Build.0 = Release|Any CPU
	EndGlobalSection
	GlobalSection(SolutionProperties) = preSolution
		HideSolutionNode = FALSE
	EndGlobalSection
	GlobalSection(ExtensibilityGlobals) = postSolution
		SolutionGuid = {3C247F53-9C86-44F7-9F64-9D5955AAADD3}
	EndGlobalSection
EndGlobal
